
Microsoft Visual Studio Solution File, Format Version 12.00
# Visual Studio Version 16
VisualStudioVersion = 16.0.29326.143
MinimumVisualStudioVersion = 10.0.40219.1
Project("{FAE04EC0-301F-11D3-BF4B-00C04F79EFBC}") = "Excersize2", "Excersize2\Excersize2.csproj", "{47675CAC-EEE0-4C23-A4E9-F7E8C821F39D}"
EndProject
Global
	GlobalSection(SolutionConfigurationPlatforms) = preSolution
		Debug|Any CPU = Debug|Any CPU
		Release|Any CPU = Release|Any CPU
	EndGlobalSection
	GlobalSection(ProjectConfigurationPlatforms) = postSolution
		{47675CAC-EEE0-4C23-A4E9-F7E8C821F39D}.Debug|Any CPU.ActiveCfg = Debug|Any CPU
		{47675CAC-EEE0-4C23-A4E9-F7E8C821F39D}.Debug|Any CPU.Build.0 = Debug|Any CPU
		{47675CAC-EEE0-4C23-A4E9-F7E8C821F39D}.Release|Any CPU.ActiveCfg = Release|Any CPU
		{47675CAC-EEE0-4C23-A4E9-F7E8C821F39D}.Release|Any CPU.Build.0 = Release|Any CPU
	EndGlobalSection
	GlobalSection(SolutionProperties) = preSolution
		HideSolutionNode = FALSE
	EndGlobalSection
	GlobalSection(ExtensibilityGlobals) = postSolution
		SolutionGuid = {BBB9C6FA-C023-424A-8B27-2EB2C92293F6}
	EndGlobalSection
EndGlobal
